{
  "name": "rails-in-browser",
  "version": "0.1.0",
  "lockfileVersion": 3,
  "requires": true,
  "packages": {
    "": {
      "name": "rails-in-browser",
      "version": "0.1.0",
      "dependencies": {
        "v86": "^0.5.432"
      },
      "engines": {
        "node": ">=18"
      }
    },
    "node_modules/v86": {
      "version": "0.5.432",
      "resolved": "https://registry.npmjs.org/v86/-/v86-0.5.432.tgz",
      "integrity": "sha512-/aZwi0WWvbab5k7+bkjKMhSNoj+60eqRIZ9urNwKTI4i1JbyK1Ja2QSFEay/M9uE0qIte+SncncAHYqRsLJNiw==",
      "license": "BSD-2-Clause"
    }
  }
}
